
Microsoft Visual Studio Solution File, Format Version 12.00
# Visual Studio 15
VisualStudioVersion = 15.0.27703.2042
MinimumVisualStudioVersion = 10.0.40219.1
Project("{FAE04EC0-301F-11D3-BF4B-00C04F79EFBC}") = "PersonalBlog", "PersonalBlog\PersonalBlog.csproj", "{B6D440C7-7CF2-4703-BDF8-E63817DFB121}"
EndProject
Global
	GlobalSection(SolutionConfigurationPlatforms) = preSolution
		Debug|Any CPU = Debug|Any CPU
		Release|Any CPU = Release|Any CPU
	EndGlobalSection
	GlobalSection(ProjectConfigurationPlatforms) = postSolution
		{B6D440C7-7CF2-4703-BDF8-E63817DFB121}.Debug|Any CPU.ActiveCfg = Debug|Any CPU
		{B6D440C7-7CF2-4703-BDF8-E63817DFB121}.Debug|Any CPU.Build.0 = Debug|Any CPU
		{B6D440C7-7CF2-4703-BDF8-E63817DFB121}.Release|Any CPU.ActiveCfg = Release|Any CPU
		{B6D440C7-7CF2-4703-BDF8-E63817DFB121}.Release|Any CPU.Build.0 = Release|Any CPU
	EndGlobalSection
	GlobalSection(SolutionProperties) = preSolution
		HideSolutionNode = FALSE
	EndGlobalSection
	GlobalSection(ExtensibilityGlobals) = postSolution
		SolutionGuid = {2722A00C-7AAD-4385-B917-A44AC935FF49}
	EndGlobalSection
EndGlobal
